
Microsoft Visual Studio Solution File, Format Version 12.00
# Visual Studio Version 17
VisualStudioVersion = 17.0.31903.59
MinimumVisualStudioVersion = 10.0.40219.1
Project("{FAE04EC0-301F-11D3-BF4B-00C04F79EFBC}") = "RomanNumeral", "RomanNumeral\RomanNumeral.csproj", "{2842EE6F-07ED-405E-8A9E-157FBD9D1ACC}"
EndProject
Project("{FAE04EC0-301F-11D3-BF4B-00C04F79EFBC}") = "RomanNumeral.Tests", "RomanNumeral.Tests\RomanNumeral.Tests.csproj", "{2C1EA622-6ADE-48D8-9D45-E0B4592B9F49}"
EndProject
Project("{FAE04EC0-301F-11D3-BF4B-00C04F79EFBC}") = "supplement1", "supplement1\supplement1.csproj", "{86AA1C1D-73B4-43E6-AD25-E86AEFD6E569}"
EndProject
Project("{FAE04EC0-301F-11D3-BF4B-00C04F79EFBC}") = "supplement1.Tests", "supplement1.Tests\supplement1.Tests.csproj", "{534DE907-944C-4EC3-BE76-8544A0001C9A}"
EndProject
Global
	GlobalSection(SolutionConfigurationPlatforms) = preSolution
		Debug|Any CPU = Debug|Any CPU
		Release|Any CPU = Release|Any CPU
	EndGlobalSection
	GlobalSection(SolutionProperties) = preSolution
		HideSolutionNode = FALSE
	EndGlobalSection
	GlobalSection(ProjectConfigurationPlatforms) = postSolution
		{2842EE6F-07ED-405E-8A9E-157FBD9D1ACC}.Debug|Any CPU.ActiveCfg = Debug|Any CPU
		{2842EE6F-07ED-405E-8A9E-157FBD9D1ACC}.Debug|Any CPU.Build.0 = Debug|Any CPU
		{2842EE6F-07ED-405E-8A9E-157FBD9D1ACC}.Release|Any CPU.ActiveCfg = Release|Any CPU
		{2842EE6F-07ED-405E-8A9E-157FBD9D1ACC}.Release|Any CPU.Build.0 = Release|Any CPU
		{2C1EA622-6ADE-48D8-9D45-E0B4592B9F49}.Debug|Any CPU.ActiveCfg = Debug|Any CPU
		{2C1EA622-6ADE-48D8-9D45-E0B4592B9F49}.Debug|Any CPU.Build.0 = Debug|Any CPU
		{2C1EA622-6ADE-48D8-9D45-E0B4592B9F49}.Release|Any CPU.ActiveCfg = Release|Any CPU
		{2C1EA622-6ADE-48D8-9D45-E0B4592B9F49}.Release|Any CPU.Build.0 = Release|Any CPU
		{86AA1C1D-73B4-43E6-AD25-E86AEFD6E569}.Debug|Any CPU.ActiveCfg = Debug|Any CPU
		{86AA1C1D-73B4-43E6-AD25-E86AEFD6E569}.Debug|Any CPU.Build.0 = Debug|Any CPU
		{86AA1C1D-73B4-43E6-AD25-E86AEFD6E569}.Release|Any CPU.ActiveCfg = Release|Any CPU
		{86AA1C1D-73B4-43E6-AD25-E86AEFD6E569}.Release|Any CPU.Build.0 = Release|Any CPU
		{534DE907-944C-4EC3-BE76-8544A0001C9A}.Debug|Any CPU.ActiveCfg = Debug|Any CPU
		{534DE907-944C-4EC3-BE76-8544A0001C9A}.Debug|Any CPU.Build.0 = Debug|Any CPU
		{534DE907-944C-4EC3-BE76-8544A0001C9A}.Release|Any CPU.ActiveCfg = Release|Any CPU
		{534DE907-944C-4EC3-BE76-8544A0001C9A}.Release|Any CPU.Build.0 = Release|Any CPU
	EndGlobalSection
EndGlobal
