
Microsoft Visual Studio Solution File, Format Version 12.00
# Visual Studio Version 17
VisualStudioVersion = 17.0.31903.59
MinimumVisualStudioVersion = 10.0.40219.1
Project("{FAE04EC0-301F-11D3-BF4B-00C04F79EFBC}") = "Supplementpt1_2", "Supplementpt1_2\Supplementpt1_2.csproj", "{6636C909-0690-40F1-AFD1-0D779CFBA358}"
EndProject
Project("{FAE04EC0-301F-11D3-BF4B-00C04F79EFBC}") = "Supplementpt1_2.Tests", "Supplementpt1_2.Tests\Supplementpt1_2.Tests.csproj", "{141DB64E-61A4-4BC1-8255-7614AD42792A}"
EndProject
Global
	GlobalSection(SolutionConfigurationPlatforms) = preSolution
		Debug|Any CPU = Debug|Any CPU
		Release|Any CPU = Release|Any CPU
	EndGlobalSection
	GlobalSection(SolutionProperties) = preSolution
		HideSolutionNode = FALSE
	EndGlobalSection
	GlobalSection(ProjectConfigurationPlatforms) = postSolution
		{6636C909-0690-40F1-AFD1-0D779CFBA358}.Debug|Any CPU.ActiveCfg = Debug|Any CPU
		{6636C909-0690-40F1-AFD1-0D779CFBA358}.Debug|Any CPU.Build.0 = Debug|Any CPU
		{6636C909-0690-40F1-AFD1-0D779CFBA358}.Release|Any CPU.ActiveCfg = Release|Any CPU
		{6636C909-0690-40F1-AFD1-0D779CFBA358}.Release|Any CPU.Build.0 = Release|Any CPU
		{141DB64E-61A4-4BC1-8255-7614AD42792A}.Debug|Any CPU.ActiveCfg = Debug|Any CPU
		{141DB64E-61A4-4BC1-8255-7614AD42792A}.Debug|Any CPU.Build.0 = Debug|Any CPU
		{141DB64E-61A4-4BC1-8255-7614AD42792A}.Release|Any CPU.ActiveCfg = Release|Any CPU
		{141DB64E-61A4-4BC1-8255-7614AD42792A}.Release|Any CPU.Build.0 = Release|Any CPU
	EndGlobalSection
EndGlobal
